// !$*UTF8*$!
{
	archiveVersion = 1;
	classes = {
	};
	objectVersion = 56;
	objects = {

/* Begin PBXBuildFile section */
		0D0FFDEF2C26F54C0047AEC5 /* Swift_UI_BootCampApp.swift in Sources */ = {isa = PBXBuildFile; fileRef = 0D0FFDEE2C26F54C0047AEC5 /* Swift_UI_BootCampApp.swift */; };
		0D0FFDF12C26F54C0047AEC5 /* ContentView.swift in Sources */ = {isa = PBXBuildFile; fileRef = 0D0FFDF02C26F54C0047AEC5 /* ContentView.swift */; };
		0D0FFDF32C26F54F0047AEC5 /* Assets.xcassets in Resources */ = {isa = PBXBuildFile; fileRef = 0D0FFDF22C26F54F0047AEC5 /* Assets.xcassets */; };
		0D0FFDF62C26F54F0047AEC5 /* Preview Assets.xcassets in Resources */ = {isa = PBXBuildFile; fileRef = 0D0FFDF52C26F54F0047AEC5 /* Preview Assets.xcassets */; };
		0D0FFE002C26F54F0047AEC5 /* Swift_UI_BootCampTests.swift in Sources */ = {isa = PBXBuildFile; fileRef = 0D0FFDFF2C26F54F0047AEC5 /* Swift_UI_BootCampTests.swift */; };
		0D0FFE0A2C26F54F0047AEC5 /* Swift_UI_BootCampUITests.swift in Sources */ = {isa = PBXBuildFile; fileRef = 0D0FFE092C26F54F0047AEC5 /* Swift_UI_BootCampUITests.swift */; };
		0D0FFE0C2C26F54F0047AEC5 /* Swift_UI_BootCampUITestsLaunchTests.swift in Sources */ = {isa = PBXBuildFile; fileRef = 0D0FFE0B2C26F54F0047AEC5 /* Swift_UI_BootCampUITestsLaunchTests.swift */; };
		0D0FFE192C2717990047AEC5 /* TextFieldView.swift in Sources */ = {isa = PBXBuildFile; fileRef = 0D0FFE182C2717990047AEC5 /* TextFieldView.swift */; };
		0D0FFE1E2C274C4A0047AEC5 /* ToolBarView.swift in Sources */ = {isa = PBXBuildFile; fileRef = 0D0FFE1D2C274C4A0047AEC5 /* ToolBarView.swift */; };
		0D60BA112C27B6D8009A9DFA /* SliderView.swift in Sources */ = {isa = PBXBuildFile; fileRef = 0D60BA102C27B6D8009A9DFA /* SliderView.swift */; };
		0D60BA132C27BACE009A9DFA /* SheetView.swift in Sources */ = {isa = PBXBuildFile; fileRef = 0D60BA122C27BACE009A9DFA /* SheetView.swift */; };
		0D60BA152C27BF9B009A9DFA /* AlertView.swift in Sources */ = {isa = PBXBuildFile; fileRef = 0D60BA142C27BF9B009A9DFA /* AlertView.swift */; };
		0D60BA172C27CD67009A9DFA /* ButtonView.swift in Sources */ = {isa = PBXBuildFile; fileRef = 0D60BA162C27CD67009A9DFA /* ButtonView.swift */; };
		0D60BA192C27D0D9009A9DFA /* ListSwipeView.swift in Sources */ = {isa = PBXBuildFile; fileRef = 0D60BA182C27D0D9009A9DFA /* ListSwipeView.swift */; };
		0D60BA1B2C27D372009A9DFA /* NativePopOverView.swift in Sources */ = {isa = PBXBuildFile; fileRef = 0D60BA1A2C27D372009A9DFA /* NativePopOverView.swift */; };
		0D60BA1D2C27D663009A9DFA /* LazyGridView.swift in Sources */ = {isa = PBXBuildFile; fileRef = 0D60BA1C2C27D663009A9DFA /* LazyGridView.swift */; };
/* End PBXBuildFile section */

/* Begin PBXContainerItemProxy section */
		0D0FFDFC2C26F54F0047AEC5 /* PBXContainerItemProxy */ = {
			isa = PBXContainerItemProxy;
			containerPortal = 0D0FFDE32C26F54C0047AEC5 /* Project object */;
			proxyType = 1;
			remoteGlobalIDString = 0D0FFDEA2C26F54C0047AEC5;
			remoteInfo = "Swift-UI-BootCamp";
		};
		0D0FFE062C26F54F0047AEC5 /* PBXContainerItemProxy */ = {
			isa = PBXContainerItemProxy;
			containerPortal = 0D0FFDE32C26F54C0047AEC5 /* Project object */;
			proxyType = 1;
			remoteGlobalIDString = 0D0FFDEA2C26F54C0047AEC5;
			remoteInfo = "Swift-UI-BootCamp";
		};
/* End PBXContainerItemProxy section */

/* Begin PBXFileReference section */
		0D0FFDEB2C26F54C0047AEC5 /* Swift-UI-BootCamp.app */ = {isa = PBXFileReference; explicitFileType = wrapper.application; includeInIndex = 0; path = "Swift-UI-BootCamp.app"; sourceTree = BUILT_PRODUCTS_DIR; };
		0D0FFDEE2C26F54C0047AEC5 /* Swift_UI_BootCampApp.swift */ = {isa = PBXFileReference; lastKnownFileType = sourcecode.swift; path = Swift_UI_BootCampApp.swift; sourceTree = "<group>"; };
		0D0FFDF02C26F54C0047AEC5 /* ContentView.swift */ = {isa = PBXFileReference; lastKnownFileType = sourcecode.swift; path = ContentView.swift; sourceTree = "<group>"; };
		0D0FFDF22C26F54F0047AEC5 /* Assets.xcassets */ = {isa = PBXFileReference; lastKnownFileType = folder.assetcatalog; path = Assets.xcassets; sourceTree = "<group>"; };
		0D0FFDF52C26F54F0047AEC5 /* Preview Assets.xcassets */ = {isa = PBXFileReference; lastKnownFileType = folder.assetcatalog; path = "Preview Assets.xcassets"; sourceTree = "<group>"; };
		0D0FFDFB2C26F54F0047AEC5 /* Swift-UI-BootCampTests.xctest */ = {isa = PBXFileReference; explicitFileType = wrapper.cfbundle; includeInIndex = 0; path = "Swift-UI-BootCampTests.xctest"; sourceTree = BUILT_PRODUCTS_DIR; };
		0D0FFDFF2C26F54F0047AEC5 /* Swift_UI_BootCampTests.swift */ = {isa = PBXFileReference; lastKnownFileType = sourcecode.swift; path = Swift_UI_BootCampTests.swift; sourceTree = "<group>"; };
		0D0FFE052C26F54F0047AEC5 /* Swift-UI-BootCampUITests.xctest */ = {isa = PBXFileReference; explicitFileType = wrapper.cfbundle; includeInIndex = 0; path = "Swift-UI-BootCampUITests.xctest"; sourceTree = BUILT_PRODUCTS_DIR; };
		0D0FFE092C26F54F0047AEC5 /* Swift_UI_BootCampUITests.swift */ = {isa = PBXFileReference; lastKnownFileType = sourcecode.swift; path = Swift_UI_BootCampUITests.swift; sourceTree = "<group>"; };
		0D0FFE0B2C26F54F0047AEC5 /* Swift_UI_BootCampUITestsLaunchTests.swift */ = {isa = PBXFileReference; lastKnownFileType = sourcecode.swift; path = Swift_UI_BootCampUITestsLaunchTests.swift; sourceTree = "<group>"; };
		0D0FFE182C2717990047AEC5 /* TextFieldView.swift */ = {isa = PBXFileReference; lastKnownFileType = sourcecode.swift; path = TextFieldView.swift; sourceTree = "<group>"; };
		0D0FFE1D2C274C4A0047AEC5 /* ToolBarView.swift */ = {isa = PBXFileReference; lastKnownFileType = sourcecode.swift; path = ToolBarView.swift; sourceTree = "<group>"; };
		0D60BA102C27B6D8009A9DFA /* SliderView.swift */ = {isa = PBXFileReference; lastKnownFileType = sourcecode.swift; path = SliderView.swift; sourceTree = "<group>"; };
		0D60BA122C27BACE009A9DFA /* SheetView.swift */ = {isa = PBXFileReference; lastKnownFileType = sourcecode.swift; path = SheetView.swift; sourceTree = "<group>"; };
		0D60BA142C27BF9B009A9DFA /* AlertView.swift */ = {isa = PBXFileReference; lastKnownFileType = sourcecode.swift; path = AlertView.swift; sourceTree = "<group>"; };
		0D60BA162C27CD67009A9DFA /* ButtonView.swift */ = {isa = PBXFileReference; lastKnownFileType = sourcecode.swift; path = ButtonView.swift; sourceTree = "<group>"; };
		0D60BA182C27D0D9009A9DFA /* ListSwipeView.swift */ = {isa = PBXFileReference; lastKnownFileType = sourcecode.swift; path = ListSwipeView.swift; sourceTree = "<group>"; };
		0D60BA1A2C27D372009A9DFA /* NativePopOverView.swift */ = {isa = PBXFileReference; lastKnownFileType = sourcecode.swift; path = NativePopOverView.swift; sourceTree = "<group>"; };
		0D60BA1C2C27D663009A9DFA /* LazyGridView.swift */ = {isa = PBXFileReference; lastKnownFileType = sourcecode.swift; path = LazyGridView.swift; sourceTree = "<group>"; };
/* End PBXFileReference section */

/* Begin PBXFrameworksBuildPhase section */
		0D0FFDE82C26F54C0047AEC5 /* Frameworks */ = {
			isa = PBXFrameworksBuildPhase;
			buildActionMask = 2147483647;
			files = (
			);
			runOnlyForDeploymentPostprocessing = 0;
		};
		0D0FFDF82C26F54F0047AEC5 /* Frameworks */ = {
			isa = PBXFrameworksBuildPhase;
			buildActionMask = 2147483647;
			files = (
			);
			runOnlyForDeploymentPostprocessing = 0;
		};
		0D0FFE022C26F54F0047AEC5 /* Frameworks */ = {
			isa = PBXFrameworksBuildPhase;
			buildActionMask = 2147483647;
			files = (
			);
			runOnlyForDeploymentPostprocessing = 0;
		};
/* End PBXFrameworksBuildPhase section */

/* Begin PBXGroup section */
		0D0FFDE22C26F54C0047AEC5 = {
			isa = PBXGroup;
			children = (
				0D0FFDED2C26F54C0047AEC5 /* Swift-UI-BootCamp */,
				0D0FFDFE2C26F54F0047AEC5 /* Swift-UI-BootCampTests */,
				0D0FFE082C26F54F0047AEC5 /* Swift-UI-BootCampUITests */,
				0D0FFDEC2C26F54C0047AEC5 /* Products */,
			);
			sourceTree = "<group>";
		};
		0D0FFDEC2C26F54C0047AEC5 /* Products */ = {
			isa = PBXGroup;
			children = (
				0D0FFDEB2C26F54C0047AEC5 /* Swift-UI-BootCamp.app */,
				0D0FFDFB2C26F54F0047AEC5 /* Swift-UI-BootCampTests.xctest */,
				0D0FFE052C26F54F0047AEC5 /* Swift-UI-BootCampUITests.xctest */,
			);
			name = Products;
			sourceTree = "<group>";
		};
		0D0FFDED2C26F54C0047AEC5 /* Swift-UI-BootCamp */ = {
			isa = PBXGroup;
			children = (
				0D0FFE1A2C2717A70047AEC5 /* Views */,
				0D0FFDEE2C26F54C0047AEC5 /* Swift_UI_BootCampApp.swift */,
				0D0FFDF02C26F54C0047AEC5 /* ContentView.swift */,
				0D0FFDF22C26F54F0047AEC5 /* Assets.xcassets */,
				0D0FFDF42C26F54F0047AEC5 /* Preview Content */,
			);
			path = "Swift-UI-BootCamp";
			sourceTree = "<group>";
		};
		0D0FFDF42C26F54F0047AEC5 /* Preview Content */ = {
			isa = PBXGroup;
			children = (
				0D0FFDF52C26F54F0047AEC5 /* Preview Assets.xcassets */,
			);
			path = "Preview Content";
			sourceTree = "<group>";
		};
		0D0FFDFE2C26F54F0047AEC5 /* Swift-UI-BootCampTests */ = {
			isa = PBXGroup;
			children = (
				0D0FFDFF2C26F54F0047AEC5 /* Swift_UI_BootCampTests.swift */,
			);
			path = "Swift-UI-BootCampTests";
			sourceTree = "<group>";
		};
		0D0FFE082C26F54F0047AEC5 /* Swift-UI-BootCampUITests */ = {
			isa = PBXGroup;
			children = (
				0D0FFE092C26F54F0047AEC5 /* Swift_UI_BootCampUITests.swift */,
				0D0FFE0B2C26F54F0047AEC5 /* Swift_UI_BootCampUITestsLaunchTests.swift */,
			);
			path = "Swift-UI-BootCampUITests";
			sourceTree = "<group>";
		};
		0D0FFE1A2C2717A70047AEC5 /* Views */ = {
			isa = PBXGroup;
			children = (
				0D0FFE182C2717990047AEC5 /* TextFieldView.swift */,
				0D0FFE1D2C274C4A0047AEC5 /* ToolBarView.swift */,
				0D60BA102C27B6D8009A9DFA /* SliderView.swift */,
				0D60BA122C27BACE009A9DFA /* SheetView.swift */,
				0D60BA142C27BF9B009A9DFA /* AlertView.swift */,
				0D60BA162C27CD67009A9DFA /* ButtonView.swift */,
				0D60BA182C27D0D9009A9DFA /* ListSwipeView.swift */,
				0D60BA1A2C27D372009A9DFA /* NativePopOverView.swift */,
				0D60BA1C2C27D663009A9DFA /* LazyGridView.swift */,
			);
			path = Views;
			sourceTree = "<group>";
		};
/* End PBXGroup section */

/* Begin PBXNativeTarget section */
		0D0FFDEA2C26F54C0047AEC5 /* Swift-UI-BootCamp */ = {
			isa = PBXNativeTarget;
			buildConfigurationList = 0D0FFE0F2C26F54F0047AEC5 /* Build configuration list for PBXNativeTarget "Swift-UI-BootCamp" */;
			buildPhases = (
				0D0FFDE72C26F54C0047AEC5 /* Sources */,
				0D0FFDE82C26F54C0047AEC5 /* Frameworks */,
				0D0FFDE92C26F54C0047AEC5 /* Resources */,
			);
			buildRules = (
			);
			dependencies = (
			);
			name = "Swift-UI-BootCamp";
			productName = "Swift-UI-BootCamp";
			productReference = 0D0FFDEB2C26F54C0047AEC5 /* Swift-UI-BootCamp.app */;
			productType = "com.apple.product-type.application";
		};
		0D0FFDFA2C26F54F0047AEC5 /* Swift-UI-BootCampTests */ = {
			isa = PBXNativeTarget;
			buildConfigurationList = 0D0FFE122C26F54F0047AEC5 /* Build configuration list for PBXNativeTarget "Swift-UI-BootCampTests" */;
			buildPhases = (
				0D0FFDF72C26F54F0047AEC5 /* Sources */,
				0D0FFDF82C26F54F0047AEC5 /* Frameworks */,
				0D0FFDF92C26F54F0047AEC5 /* Resources */,
			);
			buildRules = (
			);
			dependencies = (
				0D0FFDFD2C26F54F0047AEC5 /* PBXTargetDependency */,
			);
			name = "Swift-UI-BootCampTests";
			productName = "Swift-UI-BootCampTests";
			productReference = 0D0FFDFB2C26F54F0047AEC5 /* Swift-UI-BootCampTests.xctest */;
			productType = "com.apple.product-type.bundle.unit-test";
		};
		0D0FFE042C26F54F0047AEC5 /* Swift-UI-BootCampUITests */ = {
			isa = PBXNativeTarget;
			buildConfigurationList = 0D0FFE152C26F54F0047AEC5 /* Build configuration list for PBXNativeTarget "Swift-UI-BootCampUITests" */;
			buildPhases = (
				0D0FFE012C26F54F0047AEC5 /* Sources */,
				0D0FFE022C26F54F0047AEC5 /* Frameworks */,
				0D0FFE032C26F54F0047AEC5 /* Resources */,
			);
			buildRules = (
			);
			dependencies = (
				0D0FFE072C26F54F0047AEC5 /* PBXTargetDependency */,
			);
			name = "Swift-UI-BootCampUITests";
			productName = "Swift-UI-BootCampUITests";
			productReference = 0D0FFE052C26F54F0047AEC5 /* Swift-UI-BootCampUITests.xctest */;
			productType = "com.apple.product-type.bundle.ui-testing";
		};
/* End PBXNativeTarget section */

/* Begin PBXProject section */
		0D0FFDE32C26F54C0047AEC5 /* Project object */ = {
			isa = PBXProject;
			attributes = {
				BuildIndependentTargetsInParallel = 1;
				LastSwiftUpdateCheck = 1520;
				LastUpgradeCheck = 1520;
				TargetAttributes = {
					0D0FFDEA2C26F54C0047AEC5 = {
						CreatedOnToolsVersion = 15.2;
					};
					0D0FFDFA2C26F54F0047AEC5 = {
						CreatedOnToolsVersion = 15.2;
						TestTargetID = 0D0FFDEA2C26F54C0047AEC5;
					};
					0D0FFE042C26F54F0047AEC5 = {
						CreatedOnToolsVersion = 15.2;
						TestTargetID = 0D0FFDEA2C26F54C0047AEC5;
					};
				};
			};
			buildConfigurationList = 0D0FFDE62C26F54C0047AEC5 /* Build configuration list for PBXProject "Swift-UI-BootCamp" */;
			compatibilityVersion = "Xcode 14.0";
			developmentRegion = en;
			hasScannedForEncodings = 0;
			knownRegions = (
				en,
				Base,
			);
			mainGroup = 0D0FFDE22C26F54C0047AEC5;
			productRefGroup = 0D0FFDEC2C26F54C0047AEC5 /* Products */;
			projectDirPath = "";
			projectRoot = "";
			targets = (
				0D0FFDEA2C26F54C0047AEC5 /* Swift-UI-BootCamp */,
				0D0FFDFA2C26F54F0047AEC5 /* Swift-UI-BootCampTests */,
				0D0FFE042C26F54F0047AEC5 /* Swift-UI-BootCampUITests */,
			);
		};
/* End PBXProject section */

/* Begin PBXResourcesBuildPhase section */
		0D0FFDE92C26F54C0047AEC5 /* Resources */ = {
			isa = PBXResourcesBuildPhase;
			buildActionMask = 2147483647;
			files = (
				0D0FFDF62C26F54F0047AEC5 /* Preview Assets.xcassets in Resources */,
				0D0FFDF32C26F54F0047AEC5 /* Assets.xcassets in Resources */,
			);
			runOnlyForDeploymentPostprocessing = 0;
		};
		0D0FFDF92C26F54F0047AEC5 /* Resources */ = {
			isa = PBXResourcesBuildPhase;
			buildActionMask = 2147483647;
			files = (
			);
			runOnlyForDeploymentPostprocessing = 0;
		};
		0D0FFE032C26F54F0047AEC5 /* Resources */ = {
			isa = PBXResourcesBuildPhase;
			buildActionMask = 2147483647;
			files = (
			);
			runOnlyForDeploymentPostprocessing = 0;
		};
/* End PBXResourcesBuildPhase section */

/* Begin PBXSourcesBuildPhase section */
		0D0FFDE72C26F54C0047AEC5 /* Sources */ = {
			isa = PBXSourcesBuildPhase;
			buildActionMask = 2147483647;
			files = (
				0D0FFDF12C26F54C0047AEC5 /* ContentView.swift in Sources */,
				0D60BA1B2C27D372009A9DFA /* NativePopOverView.swift in Sources */,
				0D0FFDEF2C26F54C0047AEC5 /* Swift_UI_BootCampApp.swift in Sources */,
				0D60BA192C27D0D9009A9DFA /* ListSwipeView.swift in Sources */,
				0D60BA1D2C27D663009A9DFA /* LazyGridView.swift in Sources */,
				0D60BA172C27CD67009A9DFA /* ButtonView.swift in Sources */,
				0D60BA152C27BF9B009A9DFA /* AlertView.swift in Sources */,
				0D0FFE1E2C274C4A0047AEC5 /* ToolBarView.swift in Sources */,
				0D0FFE192C2717990047AEC5 /* TextFieldView.swift in Sources */,
				0D60BA132C27BACE009A9DFA /* SheetView.swift in Sources */,
				0D60BA112C27B6D8009A9DFA /* SliderView.swift in Sources */,
			);
			runOnlyForDeploymentPostprocessing = 0;
		};
		0D0FFDF72C26F54F0047AEC5 /* Sources */ = {
			isa = PBXSourcesBuildPhase;
			buildActionMask = 2147483647;
			files = (
				0D0FFE002C26F54F0047AEC5 /* Swift_UI_BootCampTests.swift in Sources */,
			);
			runOnlyForDeploymentPostprocessing = 0;
		};
		0D0FFE012C26F54F0047AEC5 /* Sources */ = {
			isa = PBXSourcesBuildPhase;
			buildActionMask = 2147483647;
			files = (
				0D0FFE0A2C26F54F0047AEC5 /* Swift_UI_BootCampUITests.swift in Sources */,
				0D0FFE0C2C26F54F0047AEC5 /* Swift_UI_BootCampUITestsLaunchTests.swift in Sources */,
			);
			runOnlyForDeploymentPostprocessing = 0;
		};
/* End PBXSourcesBuildPhase section */

/* Begin PBXTargetDependency section */
		0D0FFDFD2C26F54F0047AEC5 /* PBXTargetDependency */ = {
			isa = PBXTargetDependency;
			target = 0D0FFDEA2C26F54C0047AEC5 /* Swift-UI-BootCamp */;
			targetProxy = 0D0FFDFC2C26F54F0047AEC5 /* PBXContainerItemProxy */;
		};
		0D0FFE072C26F54F0047AEC5 /* PBXTargetDependency */ = {
			isa = PBXTargetDependency;
			target = 0D0FFDEA2C26F54C0047AEC5 /* Swift-UI-BootCamp */;
			targetProxy = 0D0FFE062C26F54F0047AEC5 /* PBXContainerItemProxy */;
		};
/* End PBXTargetDependency section */

/* Begin XCBuildConfiguration section */
		0D0FFE0D2C26F54F0047AEC5 /* Debug */ = {
			isa = XCBuildConfiguration;
			buildSettings = {
				ALWAYS_SEARCH_USER_PATHS = NO;
				ASSETCATALOG_COMPILER_GENERATE_SWIFT_ASSET_SYMBOL_EXTENSIONS = YES;
				CLANG_ANALYZER_NONNULL = YES;
				CLANG_ANALYZER_NUMBER_OBJECT_CONVERSION = YES_AGGRESSIVE;
				CLANG_CXX_LANGUAGE_STANDARD = "gnu++20";
				CLANG_ENABLE_MODULES = YES;
				CLANG_ENABLE_OBJC_ARC = YES;
				CLANG_ENABLE_OBJC_WEAK = YES;
				CLANG_WARN_BLOCK_CAPTURE_AUTORELEASING = YES;
				CLANG_WARN_BOOL_CONVERSION = YES;
				CLANG_WARN_COMMA = YES;
				CLANG_WARN_CONSTANT_CONVERSION = YES;
				CLANG_WARN_DEPRECATED_OBJC_IMPLEMENTATIONS = YES;
				CLANG_WARN_DIRECT_OBJC_ISA_USAGE = YES_ERROR;
				CLANG_WARN_DOCUMENTATION_COMMENTS = YES;
				CLANG_WARN_EMPTY_BODY = YES;
				CLANG_WARN_ENUM_CONVERSION = YES;
				CLANG_WARN_INFINITE_RECURSION = YES;
				CLANG_WARN_INT_CONVERSION = YES;
				CLANG_WARN_NON_LITERAL_NULL_CONVERSION = YES;
				CLANG_WARN_OBJC_IMPLICIT_RETAIN_SELF = YES;
				CLANG_WARN_OBJC_LITERAL_CONVERSION = YES;
				CLANG_WARN_OBJC_ROOT_CLASS = YES_ERROR;
				CLANG_WARN_QUOTED_INCLUDE_IN_FRAMEWORK_HEADER = YES;
				CLANG_WARN_RANGE_LOOP_ANALYSIS = YES;
				CLANG_WARN_STRICT_PROTOTYPES = YES;
				CLANG_WARN_SUSPICIOUS_MOVE = YES;
				CLANG_WARN_UNGUARDED_AVAILABILITY = YES_AGGRESSIVE;
				CLANG_WARN_UNREACHABLE_CODE = YES;
				CLANG_WARN__DUPLICATE_METHOD_MATCH = YES;
				COPY_PHASE_STRIP = NO;
				DEBUG_INFORMATION_FORMAT = dwarf;
				ENABLE_STRICT_OBJC_MSGSEND = YES;
				ENABLE_TESTABILITY = YES;
				ENABLE_USER_SCRIPT_SANDBOXING = YES;
				GCC_C_LANGUAGE_STANDARD = gnu17;
				GCC_DYNAMIC_NO_PIC = NO;
				GCC_NO_COMMON_BLOCKS = YES;
				GCC_OPTIMIZATION_LEVEL = 0;
				GCC_PREPROCESSOR_DEFINITIONS = (
					"DEBUG=1",
					"$(inherited)",
				);
				GCC_WARN_64_TO_32_BIT_CONVERSION = YES;
				GCC_WARN_ABOUT_RETURN_TYPE = YES_ERROR;
				GCC_WARN_UNDECLARED_SELECTOR = YES;
				GCC_WARN_UNINITIALIZED_AUTOS = YES_AGGRESSIVE;
				GCC_WARN_UNUSED_FUNCTION = YES;
				GCC_WARN_UNUSED_VARIABLE = YES;
				IPHONEOS_DEPLOYMENT_TARGET = 17.2;
				LOCALIZATION_PREFERS_STRING_CATALOGS = YES;
				MTL_ENABLE_DEBUG_INFO = INCLUDE_SOURCE;
				MTL_FAST_MATH = YES;
				ONLY_ACTIVE_ARCH = YES;
				SDKROOT = iphoneos;
				SWIFT_ACTIVE_COMPILATION_CONDITIONS = "DEBUG $(inherited)";
				SWIFT_OPTIMIZATION_LEVEL = "-Onone";
			};
			name = Debug;
		};
		0D0FFE0E2C26F54F0047AEC5 /* Release */ = {
			isa = XCBuildConfiguration;
			buildSettings = {
				ALWAYS_SEARCH_USER_PATHS = NO;
				ASSETCATALOG_COMPILER_GENERATE_SWIFT_ASSET_SYMBOL_EXTENSIONS = YES;
				CLANG_ANALYZER_NONNULL = YES;
				CLANG_ANALYZER_NUMBER_OBJECT_CONVERSION = YES_AGGRESSIVE;
				CLANG_CXX_LANGUAGE_STANDARD = "gnu++20";
				CLANG_ENABLE_MODULES = YES;
				CLANG_ENABLE_OBJC_ARC = YES;
				CLANG_ENABLE_OBJC_WEAK = YES;
				CLANG_WARN_BLOCK_CAPTURE_AUTORELEASING = YES;
				CLANG_WARN_BOOL_CONVERSION = YES;
				CLANG_WARN_COMMA = YES;
				CLANG_WARN_CONSTANT_CONVERSION = YES;
				CLANG_WARN_DEPRECATED_OBJC_IMPLEMENTATIONS = YES;
				CLANG_WARN_DIRECT_OBJC_ISA_USAGE = YES_ERROR;
				CLANG_WARN_DOCUMENTATION_COMMENTS = YES;
				CLANG_WARN_EMPTY_BODY = YES;
				CLANG_WARN_ENUM_CONVERSION = YES;
				CLANG_WARN_INFINITE_RECURSION = YES;
				CLANG_WARN_INT_CONVERSION = YES;
				CLANG_WARN_NON_LITERAL_NULL_CONVERSION = YES;
				CLANG_WARN_OBJC_IMPLICIT_RETAIN_SELF = YES;
				CLANG_WARN_OBJC_LITERAL_CONVERSION = YES;
				CLANG_WARN_OBJC_ROOT_CLASS = YES_ERROR;
				CLANG_WARN_QUOTED_INCLUDE_IN_FRAMEWORK_HEADER = YES;
				CLANG_WARN_RANGE_LOOP_ANALYSIS = YES;
				CLANG_WARN_STRICT_PROTOTYPES = YES;
				CLANG_WARN_SUSPICIOUS_MOVE = YES;
				CLANG_WARN_UNGUARDED_AVAILABILITY = YES_AGGRESSIVE;
				CLANG_WARN_UNREACHABLE_CODE = YES;
				CLANG_WARN__DUPLICATE_METHOD_MATCH = YES;
				COPY_PHASE_STRIP = NO;
				DEBUG_INFORMATION_FORMAT = "dwarf-with-dsym";
				ENABLE_NS_ASSERTIONS = NO;
				ENABLE_STRICT_OBJC_MSGSEND = YES;
				ENABLE_USER_SCRIPT_SANDBOXING = YES;
				GCC_C_LANGUAGE_STANDARD = gnu17;
				GCC_NO_COMMON_BLOCKS = YES;
				GCC_WARN_64_TO_32_BIT_CONVERSION = YES;
				GCC_WARN_ABOUT_RETURN_TYPE = YES_ERROR;
				GCC_WARN_UNDECLARED_SELECTOR = YES;
				GCC_WARN_UNINITIALIZED_AUTOS = YES_AGGRESSIVE;
				GCC_WARN_UNUSED_FUNCTION = YES;
				GCC_WARN_UNUSED_VARIABLE = YES;
				IPHONEOS_DEPLOYMENT_TARGET = 17.2;
				LOCALIZATION_PREFERS_STRING_CATALOGS = YES;
				MTL_ENABLE_DEBUG_INFO = NO;
				MTL_FAST_MATH = YES;
				SDKROOT = iphoneos;
				SWIFT_COMPILATION_MODE = wholemodule;
				VALIDATE_PRODUCT = YES;
			};
			name = Release;
		};
		0D0FFE102C26F54F0047AEC5 /* Debug */ = {
			isa = XCBuildConfiguration;
			buildSettings = {
				ASSETCATALOG_COMPILER_APPICON_NAME = AppIcon;
				ASSETCATALOG_COMPILER_GLOBAL_ACCENT_COLOR_NAME = AccentColor;
				CODE_SIGN_STYLE = Automatic;
				CURRENT_PROJECT_VERSION = 1;
				DEVELOPMENT_ASSET_PATHS = "\"Swift-UI-BootCamp/Preview Content\"";
				DEVELOPMENT_TEAM = LZZ5YUDV87;
				ENABLE_PREVIEWS = YES;
				GENERATE_INFOPLIST_FILE = YES;
				INFOPLIST_KEY_UIApplicationSceneManifest_Generation = YES;
				INFOPLIST_KEY_UIApplicationSupportsIndirectInputEvents = YES;
				INFOPLIST_KEY_UILaunchScreen_Generation = YES;
				INFOPLIST_KEY_UISupportedInterfaceOrientations_iPad = "UIInterfaceOrientationPortrait UIInterfaceOrientationPortraitUpsideDown UIInterfaceOrientationLandscapeLeft UIInterfaceOrientationLandscapeRight";
				INFOPLIST_KEY_UISupportedInterfaceOrientations_iPhone = "UIInterfaceOrientationPortrait UIInterfaceOrientationLandscapeLeft UIInterfaceOrientationLandscapeRight";
				LD_RUNPATH_SEARCH_PATHS = (
					"$(inherited)",
					"@executable_path/Frameworks",
				);
				MARKETING_VERSION = 1.0;
				PRODUCT_BUNDLE_IDENTIFIER = "swift-ui-bootcamp.Swift-UI-BootCamp";
				PRODUCT_NAME = "$(TARGET_NAME)";
				SWIFT_EMIT_LOC_STRINGS = YES;
				SWIFT_VERSION = 5.0;
				TARGETED_DEVICE_FAMILY = "1,2";
			};
			name = Debug;
		};
		0D0FFE112C26F54F0047AEC5 /* Release */ = {
			isa = XCBuildConfiguration;
			buildSettings = {
				ASSETCATALOG_COMPILER_APPICON_NAME = AppIcon;
				ASSETCATALOG_COMPILER_GLOBAL_ACCENT_COLOR_NAME = AccentColor;
				CODE_SIGN_STYLE = Automatic;
				CURRENT_PROJECT_VERSION = 1;
				DEVELOPMENT_ASSET_PATHS = "\"Swift-UI-BootCamp/Preview Content\"";
				DEVELOPMENT_TEAM = LZZ5YUDV87;
				ENABLE_PREVIEWS = YES;
				GENERATE_INFOPLIST_FILE = YES;
				INFOPLIST_KEY_UIApplicationSceneManifest_Generation = YES;
				INFOPLIST_KEY_UIApplicationSupportsIndirectInputEvents = YES;
				INFOPLIST_KEY_UILaunchScreen_Generation = YES;
				INFOPLIST_KEY_UISupportedInterfaceOrientations_iPad = "UIInterfaceOrientationPortrait UIInterfaceOrientationPortraitUpsideDown UIInterfaceOrientationLandscapeLeft UIInterfaceOrientationLandscapeRight";
				INFOPLIST_KEY_UISupportedInterfaceOrientations_iPhone = "UIInterfaceOrientationPortrait UIInterfaceOrientationLandscapeLeft UIInterfaceOrientationLandscapeRight";
				LD_RUNPATH_SEARCH_PATHS = (
					"$(inherited)",
					"@executable_path/Frameworks",
				);
				MARKETING_VERSION = 1.0;
				PRODUCT_BUNDLE_IDENTIFIER = "swift-ui-bootcamp.Swift-UI-BootCamp";
				PRODUCT_NAME = "$(TARGET_NAME)";
				SWIFT_EMIT_LOC_STRINGS = YES;
				SWIFT_VERSION = 5.0;
				TARGETED_DEVICE_FAMILY = "1,2";
			};
			name = Release;
		};
		0D0FFE132C26F54F0047AEC5 /* Debug */ = {
			isa = XCBuildConfiguration;
			buildSettings = {
				ALWAYS_EMBED_SWIFT_STANDARD_LIBRARIES = YES;
				BUNDLE_LOADER = "$(TEST_HOST)";
				CODE_SIGN_STYLE = Automatic;
				CURRENT_PROJECT_VERSION = 1;
				DEVELOPMENT_TEAM = LZZ5YUDV87;
				GENERATE_INFOPLIST_FILE = YES;
				IPHONEOS_DEPLOYMENT_TARGET = 17.2;
				MARKETING_VERSION = 1.0;
				PRODUCT_BUNDLE_IDENTIFIER = "swift-ui-bootcamp.Swift-UI-BootCampTests";
				PRODUCT_NAME = "$(TARGET_NAME)";
				SWIFT_EMIT_LOC_STRINGS = NO;
				SWIFT_VERSION = 5.0;
				TARGETED_DEVICE_FAMILY = "1,2";
				TEST_HOST = "$(BUILT_PRODUCTS_DIR)/Swift-UI-BootCamp.app/$(BUNDLE_EXECUTABLE_FOLDER_PATH)/Swift-UI-BootCamp";
			};
			name = Debug;
		};
		0D0FFE142C26F54F0047AEC5 /* Release */ = {
			isa = XCBuildConfiguration;
			buildSettings = {
				ALWAYS_EMBED_SWIFT_STANDARD_LIBRARIES = YES;
				BUNDLE_LOADER = "$(TEST_HOST)";
				CODE_SIGN_STYLE = Automatic;
				CURRENT_PROJECT_VERSION = 1;
				DEVELOPMENT_TEAM = LZZ5YUDV87;
				GENERATE_INFOPLIST_FILE = YES;
				IPHONEOS_DEPLOYMENT_TARGET = 17.2;
				MARKETING_VERSION = 1.0;
				PRODUCT_BUNDLE_IDENTIFIER = "swift-ui-bootcamp.Swift-UI-BootCampTests";
				PRODUCT_NAME = "$(TARGET_NAME)";
				SWIFT_EMIT_LOC_STRINGS = NO;
				SWIFT_VERSION = 5.0;
				TARGETED_DEVICE_FAMILY = "1,2";
				TEST_HOST = "$(BUILT_PRODUCTS_DIR)/Swift-UI-BootCamp.app/$(BUNDLE_EXECUTABLE_FOLDER_PATH)/Swift-UI-BootCamp";
			};
			name = Release;
		};
		0D0FFE162C26F54F0047AEC5 /* Debug */ = {
			isa = XCBuildConfiguration;
			buildSettings = {
				ALWAYS_EMBED_SWIFT_STANDARD_LIBRARIES = YES;
				CODE_SIGN_STYLE = Automatic;
				CURRENT_PROJECT_VERSION = 1;
				DEVELOPMENT_TEAM = LZZ5YUDV87;
				GENERATE_INFOPLIST_FILE = YES;
				MARKETING_VERSION = 1.0;
				PRODUCT_BUNDLE_IDENTIFIER = "swift-ui-bootcamp.Swift-UI-BootCampUITests";
				PRODUCT_NAME = "$(TARGET_NAME)";
				SWIFT_EMIT_LOC_STRINGS = NO;
				SWIFT_VERSION = 5.0;
				TARGETED_DEVICE_FAMILY = "1,2";
				TEST_TARGET_NAME = "Swift-UI-BootCamp";
			};
			name = Debug;
		};
		0D0FFE172C26F54F0047AEC5 /* Release */ = {
			isa = XCBuildConfiguration;
			buildSettings = {
				ALWAYS_EMBED_SWIFT_STANDARD_LIBRARIES = YES;
				CODE_SIGN_STYLE = Automatic;
				CURRENT_PROJECT_VERSION = 1;
				DEVELOPMENT_TEAM = LZZ5YUDV87;
				GENERATE_INFOPLIST_FILE = YES;
				MARKETING_VERSION = 1.0;
				PRODUCT_BUNDLE_IDENTIFIER = "swift-ui-bootcamp.Swift-UI-BootCampUITests";
				PRODUCT_NAME = "$(TARGET_NAME)";
				SWIFT_EMIT_LOC_STRINGS = NO;
				SWIFT_VERSION = 5.0;
				TARGETED_DEVICE_FAMILY = "1,2";
				TEST_TARGET_NAME = "Swift-UI-BootCamp";
			};
			name = Release;
		};
/* End XCBuildConfiguration section */

/* Begin XCConfigurationList section */
		0D0FFDE62C26F54C0047AEC5 /* Build configuration list for PBXProject "Swift-UI-BootCamp" */ = {
			isa = XCConfigurationList;
			buildConfigurations = (
				0D0FFE0D2C26F54F0047AEC5 /* Debug */,
				0D0FFE0E2C26F54F0047AEC5 /* Release */,
			);
			defaultConfigurationIsVisible = 0;
			defaultConfigurationName = Release;
		};
		0D0FFE0F2C26F54F0047AEC5 /* Build configuration list for PBXNativeTarget "Swift-UI-BootCamp" */ = {
			isa = XCConfigurationList;
			buildConfigurations = (
				0D0FFE102C26F54F0047AEC5 /* Debug */,
				0D0FFE112C26F54F0047AEC5 /* Release */,
			);
			defaultConfigurationIsVisible = 0;
			defaultConfigurationName = Release;
		};
		0D0FFE122C26F54F0047AEC5 /* Build configuration list for PBXNativeTarget "Swift-UI-BootCampTests" */ = {
			isa = XCConfigurationList;
			buildConfigurations = (
				0D0FFE132C26F54F0047AEC5 /* Debug */,
				0D0FFE142C26F54F0047AEC5 /* Release */,
			);
			defaultConfigurationIsVisible = 0;
			defaultConfigurationName = Release;
		};
		0D0FFE152C26F54F0047AEC5 /* Build configuration list for PBXNativeTarget "Swift-UI-BootCampUITests" */ = {
			isa = XCConfigurationList;
			buildConfigurations = (
				0D0FFE162C26F54F0047AEC5 /* Debug */,
				0D0FFE172C26F54F0047AEC5 /* Release */,
			);
			defaultConfigurationIsVisible = 0;
			defaultConfigurationName = Release;
		};
/* End XCConfigurationList section */
	};
	rootObject = 0D0FFDE32C26F54C0047AEC5 /* Project object */;
}
